{
  "originHash" : "6c29adb172d09510550f1dfc48186ca9333174d4bfe04a7a2377600b4e64f58d",
  "pins" : [
    {
      "identity" : "alamofire",
      "kind" : "remoteSourceControl",
      "location" : "https://github.com/Alamofire/Alamofire.git",
      "state" : {
        "revision" : "513364f870f6bfc468f9d2ff0a95caccc10044c5",
        "version" : "5.10.2"
      }
    },
    {
      "identity" : "kakao-ios-sdk",
      "kind" : "remoteSourceControl",
      "location" : "https://github.com/kakao/kakao-ios-sdk.git",
      "state" : {
        "revision" : "2c780b70d4197be3f72deee2fd82ea3e3b767007",
        "version" : "2.24.1"
      }
    },
    {
      "identity" : "lottie-ios",
      "kind" : "remoteSourceControl",
      "location" : "https://github.com/airbnb/lottie-ios.git",
      "state" : {
        "revision" : "047aa81b77adcbf583a966dfef620d17650cc656",
        "version" : "4.5.1"
      }
    }
  ],
  "version" : 3
}
