// !$*UTF8*$!
{
	archiveVersion = 1;
	classes = {
	};
	objectVersion = 77;
	objects = {

/* Begin PBXBuildFile section */
		D0369E922E0BC20E0023FD4F /* RealmSwift in Frameworks */ = {isa = PBXBuildFile; productRef = D0369E912E0BC20E0023FD4F /* RealmSwift */; };
		D0369E932E0BC3C90023FD4F /* RealmSwift in Embed Frameworks */ = {isa = PBXBuildFile; productRef = D0369E912E0BC20E0023FD4F /* RealmSwift */; settings = {ATTRIBUTES = (CodeSignOnCopy, ); }; };
		D04729602DF88B8D00B13012 /* FirebaseAnalyticsWithoutAdIdSupport in Frameworks */ = {isa = PBXBuildFile; productRef = D047295F2DF88B8D00B13012 /* FirebaseAnalyticsWithoutAdIdSupport */; };
		D04729622DF88B8D00B13012 /* FirebaseCrashlytics in Frameworks */ = {isa = PBXBuildFile; productRef = D04729612DF88B8D00B13012 /* FirebaseCrashlytics */; };
		D04729642DF88B8D00B13012 /* FirebaseMessaging in Frameworks */ = {isa = PBXBuildFile; productRef = D04729632DF88B8D00B13012 /* FirebaseMessaging */; };
		D0472C772DF9582800B13012 /* iamport-ios in Frameworks */ = {isa = PBXBuildFile; productRef = D0472C762DF9582800B13012 /* iamport-ios */; };
		D04DA72D2DCF7D5C0031AA2F /* Secrets.xcconfig in Resources */ = {isa = PBXBuildFile; fileRef = D04DA72C2DCF7D5C0031AA2F /* Secrets.xcconfig */; };
		D050A5C12DD104AA00E79E59 /* KakaoSDKAuth in Frameworks */ = {isa = PBXBuildFile; productRef = D050A5C02DD104AA00E79E59 /* KakaoSDKAuth */; };
		D050A5C32DD104AA00E79E59 /* KakaoSDKCommon in Frameworks */ = {isa = PBXBuildFile; productRef = D050A5C22DD104AA00E79E59 /* KakaoSDKCommon */; };
		D050A5C52DD104AA00E79E59 /* KakaoSDKUser in Frameworks */ = {isa = PBXBuildFile; productRef = D050A5C42DD104AA00E79E59 /* KakaoSDKUser */; };
		D0964DC92E1277C900F51AC0 /* SocketIO in Frameworks */ = {isa = PBXBuildFile; productRef = D0964DC82E1277C900F51AC0 /* SocketIO */; };
		D0EAEE7D2DE0575C0008FABD /* Lottie in Frameworks */ = {isa = PBXBuildFile; productRef = D0EAEE7C2DE0575C0008FABD /* Lottie */; };
/* End PBXBuildFile section */

/* Begin PBXCopyFilesBuildPhase section */
		D0369E942E0BC3C90023FD4F /* Embed Frameworks */ = {
			isa = PBXCopyFilesBuildPhase;
			buildActionMask = 2147483647;
			dstPath = "";
			dstSubfolderSpec = 10;
			files = (
				D0369E932E0BC3C90023FD4F /* RealmSwift in Embed Frameworks */,
			);
			name = "Embed Frameworks";
			runOnlyForDeploymentPostprocessing = 0;
		};
/* End PBXCopyFilesBuildPhase section */

/* Begin PBXFileReference section */
		D04DA7192DCF7C750031AA2F /* EzyBook.app */ = {isa = PBXFileReference; explicitFileType = wrapper.application; includeInIndex = 0; path = EzyBook.app; sourceTree = BUILT_PRODUCTS_DIR; };
		D04DA72C2DCF7D5C0031AA2F /* Secrets.xcconfig */ = {isa = PBXFileReference; lastKnownFileType = text.xcconfig; path = Secrets.xcconfig; sourceTree = "<group>"; };
/* End PBXFileReference section */

/* Begin PBXFileSystemSynchronizedBuildFileExceptionSet section */
		D04DA72F2DCF7D7F0031AA2F /* Exceptions for "EzyBook" folder in "EzyBook" target */ = {
			isa = PBXFileSystemSynchronizedBuildFileExceptionSet;
			membershipExceptions = (
				Application/Info.plist,
			);
			target = D04DA7182DCF7C750031AA2F /* EzyBook */;
		};
/* End PBXFileSystemSynchronizedBuildFileExceptionSet section */

/* Begin PBXFileSystemSynchronizedRootGroup section */
		D04DA71B2DCF7C750031AA2F /* EzyBook */ = {
			isa = PBXFileSystemSynchronizedRootGroup;
			exceptions = (
				D04DA72F2DCF7D7F0031AA2F /* Exceptions for "EzyBook" folder in "EzyBook" target */,
			);
			path = EzyBook;
			sourceTree = "<group>";
		};
/* End PBXFileSystemSynchronizedRootGroup section */

/* Begin PBXFrameworksBuildPhase section */
		D04DA7162DCF7C750031AA2F /* Frameworks */ = {
			isa = PBXFrameworksBuildPhase;
			buildActionMask = 2147483647;
			files = (
				D050A5C32DD104AA00E79E59 /* KakaoSDKCommon in Frameworks */,
				D04729602DF88B8D00B13012 /* FirebaseAnalyticsWithoutAdIdSupport in Frameworks */,
				D04729642DF88B8D00B13012 /* FirebaseMessaging in Frameworks */,
				D0964DC92E1277C900F51AC0 /* SocketIO in Frameworks */,
				D0369E922E0BC20E0023FD4F /* RealmSwift in Frameworks */,
				D050A5C12DD104AA00E79E59 /* KakaoSDKAuth in Frameworks */,
				D04729622DF88B8D00B13012 /* FirebaseCrashlytics in Frameworks */,
				D050A5C52DD104AA00E79E59 /* KakaoSDKUser in Frameworks */,
				D0EAEE7D2DE0575C0008FABD /* Lottie in Frameworks */,
				D0472C772DF9582800B13012 /* iamport-ios in Frameworks */,
			);
			runOnlyForDeploymentPostprocessing = 0;
		};
/* End PBXFrameworksBuildPhase section */

/* Begin PBXGroup section */
		D04DA7102DCF7C750031AA2F = {
			isa = PBXGroup;
			children = (
				D04DA72C2DCF7D5C0031AA2F /* Secrets.xcconfig */,
				D04DA71B2DCF7C750031AA2F /* EzyBook */,
				D04DA71A2DCF7C750031AA2F /* Products */,
			);
			sourceTree = "<group>";
		};
		D04DA71A2DCF7C750031AA2F /* Products */ = {
			isa = PBXGroup;
			children = (
				D04DA7192DCF7C750031AA2F /* EzyBook.app */,
			);
			name = Products;
			sourceTree = "<group>";
		};
/* End PBXGroup section */

/* Begin PBXNativeTarget section */
		D04DA7182DCF7C750031AA2F /* EzyBook */ = {
			isa = PBXNativeTarget;
			buildConfigurationList = D04DA7272DCF7C760031AA2F /* Build configuration list for PBXNativeTarget "EzyBook" */;
			buildPhases = (
				D04DA7152DCF7C750031AA2F /* Sources */,
				D04DA7162DCF7C750031AA2F /* Frameworks */,
				D04DA7172DCF7C750031AA2F /* Resources */,
				D0369E942E0BC3C90023FD4F /* Embed Frameworks */,
			);
			buildRules = (
			);
			dependencies = (
			);
			fileSystemSynchronizedGroups = (
				D04DA71B2DCF7C750031AA2F /* EzyBook */,
			);
			name = EzyBook;
			packageProductDependencies = (
				D050A5C02DD104AA00E79E59 /* KakaoSDKAuth */,
				D050A5C22DD104AA00E79E59 /* KakaoSDKCommon */,
				D050A5C42DD104AA00E79E59 /* KakaoSDKUser */,
				D0EAEE7C2DE0575C0008FABD /* Lottie */,
				D047295F2DF88B8D00B13012 /* FirebaseAnalyticsWithoutAdIdSupport */,
				D04729612DF88B8D00B13012 /* FirebaseCrashlytics */,
				D04729632DF88B8D00B13012 /* FirebaseMessaging */,
				D0472C762DF9582800B13012 /* iamport-ios */,
				D0369E912E0BC20E0023FD4F /* RealmSwift */,
				D0964DC82E1277C900F51AC0 /* SocketIO */,
			);
			productName = EzyBook;
			productReference = D04DA7192DCF7C750031AA2F /* EzyBook.app */;
			productType = "com.apple.product-type.application";
		};
/* End PBXNativeTarget section */

/* Begin PBXProject section */
		D04DA7112DCF7C750031AA2F /* Project object */ = {
			isa = PBXProject;
			attributes = {
				BuildIndependentTargetsInParallel = 1;
				LastSwiftUpdateCheck = 1620;
				LastUpgradeCheck = 1620;
				TargetAttributes = {
					D04DA7182DCF7C750031AA2F = {
						CreatedOnToolsVersion = 16.2;
					};
				};
			};
			buildConfigurationList = D04DA7142DCF7C750031AA2F /* Build configuration list for PBXProject "EzyBook" */;
			developmentRegion = en;
			hasScannedForEncodings = 0;
			knownRegions = (
				en,
				Base,
			);
			mainGroup = D04DA7102DCF7C750031AA2F;
			minimizedProjectReferenceProxies = 1;
			packageReferences = (
				D050A5BF2DD104AA00E79E59 /* XCRemoteSwiftPackageReference "kakao-ios-sdk" */,
				D0EAEE7B2DE0575C0008FABD /* XCRemoteSwiftPackageReference "lottie-ios" */,
				D047295E2DF88B8D00B13012 /* XCRemoteSwiftPackageReference "firebase-ios-sdk" */,
				D0472C752DF9582800B13012 /* XCRemoteSwiftPackageReference "iamport-ios" */,
				D0369E902E0BC20E0023FD4F /* XCRemoteSwiftPackageReference "realm-swift" */,
				D0964DC72E1277C900F51AC0 /* XCRemoteSwiftPackageReference "socket.io-client-swift" */,
			);
			preferredProjectObjectVersion = 77;
			productRefGroup = D04DA71A2DCF7C750031AA2F /* Products */;
			projectDirPath = "";
			projectRoot = "";
			targets = (
				D04DA7182DCF7C750031AA2F /* EzyBook */,
			);
		};
/* End PBXProject section */

/* Begin PBXResourcesBuildPhase section */
		D04DA7172DCF7C750031AA2F /* Resources */ = {
			isa = PBXResourcesBuildPhase;
			buildActionMask = 2147483647;
			files = (
				D04DA72D2DCF7D5C0031AA2F /* Secrets.xcconfig in Resources */,
			);
			runOnlyForDeploymentPostprocessing = 0;
		};
/* End PBXResourcesBuildPhase section */

/* Begin PBXSourcesBuildPhase section */
		D04DA7152DCF7C750031AA2F /* Sources */ = {
			isa = PBXSourcesBuildPhase;
			buildActionMask = 2147483647;
			files = (
			);
			runOnlyForDeploymentPostprocessing = 0;
		};
/* End PBXSourcesBuildPhase section */

/* Begin XCBuildConfiguration section */
		D04DA7252DCF7C760031AA2F /* Debug */ = {
			isa = XCBuildConfiguration;
			buildSettings = {
				ALWAYS_SEARCH_USER_PATHS = NO;
				ASSETCATALOG_COMPILER_GENERATE_SWIFT_ASSET_SYMBOL_EXTENSIONS = YES;
				CLANG_ANALYZER_NONNULL = YES;
				CLANG_ANALYZER_NUMBER_OBJECT_CONVERSION = YES_AGGRESSIVE;
				CLANG_CXX_LANGUAGE_STANDARD = "gnu++20";
				CLANG_ENABLE_MODULES = YES;
				CLANG_ENABLE_OBJC_ARC = YES;
				CLANG_ENABLE_OBJC_WEAK = YES;
				CLANG_WARN_BLOCK_CAPTURE_AUTORELEASING = YES;
				CLANG_WARN_BOOL_CONVERSION = YES;
				CLANG_WARN_COMMA = YES;
				CLANG_WARN_CONSTANT_CONVERSION = YES;
				CLANG_WARN_DEPRECATED_OBJC_IMPLEMENTATIONS = YES;
				CLANG_WARN_DIRECT_OBJC_ISA_USAGE = YES_ERROR;
				CLANG_WARN_DOCUMENTATION_COMMENTS = YES;
				CLANG_WARN_EMPTY_BODY = YES;
				CLANG_WARN_ENUM_CONVERSION = YES;
				CLANG_WARN_INFINITE_RECURSION = YES;
				CLANG_WARN_INT_CONVERSION = YES;
				CLANG_WARN_NON_LITERAL_NULL_CONVERSION = YES;
				CLANG_WARN_OBJC_IMPLICIT_RETAIN_SELF = YES;
				CLANG_WARN_OBJC_LITERAL_CONVERSION = YES;
				CLANG_WARN_OBJC_ROOT_CLASS = YES_ERROR;
				CLANG_WARN_QUOTED_INCLUDE_IN_FRAMEWORK_HEADER = YES;
				CLANG_WARN_RANGE_LOOP_ANALYSIS = YES;
				CLANG_WARN_STRICT_PROTOTYPES = YES;
				CLANG_WARN_SUSPICIOUS_MOVE = YES;
				CLANG_WARN_UNGUARDED_AVAILABILITY = YES_AGGRESSIVE;
				CLANG_WARN_UNREACHABLE_CODE = YES;
				CLANG_WARN__DUPLICATE_METHOD_MATCH = YES;
				COPY_PHASE_STRIP = NO;
				DEBUG_INFORMATION_FORMAT = dwarf;
				ENABLE_STRICT_OBJC_MSGSEND = YES;
				ENABLE_TESTABILITY = YES;
				ENABLE_USER_SCRIPT_SANDBOXING = YES;
				GCC_C_LANGUAGE_STANDARD = gnu17;
				GCC_DYNAMIC_NO_PIC = NO;
				GCC_NO_COMMON_BLOCKS = YES;
				GCC_OPTIMIZATION_LEVEL = 0;
				GCC_PREPROCESSOR_DEFINITIONS = (
					"DEBUG=1",
					"$(inherited)",
				);
				GCC_WARN_64_TO_32_BIT_CONVERSION = YES;
				GCC_WARN_ABOUT_RETURN_TYPE = YES_ERROR;
				GCC_WARN_UNDECLARED_SELECTOR = YES;
				GCC_WARN_UNINITIALIZED_AUTOS = YES_AGGRESSIVE;
				GCC_WARN_UNUSED_FUNCTION = YES;
				GCC_WARN_UNUSED_VARIABLE = YES;
				IPHONEOS_DEPLOYMENT_TARGET = 18.2;
				LOCALIZATION_PREFERS_STRING_CATALOGS = YES;
				MTL_ENABLE_DEBUG_INFO = INCLUDE_SOURCE;
				MTL_FAST_MATH = YES;
				ONLY_ACTIVE_ARCH = YES;
				SDKROOT = iphoneos;
				SWIFT_ACTIVE_COMPILATION_CONDITIONS = "DEBUG $(inherited)";
				SWIFT_OPTIMIZATION_LEVEL = "-Onone";
			};
			name = Debug;
		};
		D04DA7262DCF7C760031AA2F /* Release */ = {
			isa = XCBuildConfiguration;
			buildSettings = {
				ALWAYS_SEARCH_USER_PATHS = NO;
				ASSETCATALOG_COMPILER_GENERATE_SWIFT_ASSET_SYMBOL_EXTENSIONS = YES;
				CLANG_ANALYZER_NONNULL = YES;
				CLANG_ANALYZER_NUMBER_OBJECT_CONVERSION = YES_AGGRESSIVE;
				CLANG_CXX_LANGUAGE_STANDARD = "gnu++20";
				CLANG_ENABLE_MODULES = YES;
				CLANG_ENABLE_OBJC_ARC = YES;
				CLANG_ENABLE_OBJC_WEAK = YES;
				CLANG_WARN_BLOCK_CAPTURE_AUTORELEASING = YES;
				CLANG_WARN_BOOL_CONVERSION = YES;
				CLANG_WARN_COMMA = YES;
				CLANG_WARN_CONSTANT_CONVERSION = YES;
				CLANG_WARN_DEPRECATED_OBJC_IMPLEMENTATIONS = YES;
				CLANG_WARN_DIRECT_OBJC_ISA_USAGE = YES_ERROR;
				CLANG_WARN_DOCUMENTATION_COMMENTS = YES;
				CLANG_WARN_EMPTY_BODY = YES;
				CLANG_WARN_ENUM_CONVERSION = YES;
				CLANG_WARN_INFINITE_RECURSION = YES;
				CLANG_WARN_INT_CONVERSION = YES;
				CLANG_WARN_NON_LITERAL_NULL_CONVERSION = YES;
				CLANG_WARN_OBJC_IMPLICIT_RETAIN_SELF = YES;
				CLANG_WARN_OBJC_LITERAL_CONVERSION = YES;
				CLANG_WARN_OBJC_ROOT_CLASS = YES_ERROR;
				CLANG_WARN_QUOTED_INCLUDE_IN_FRAMEWORK_HEADER = YES;
				CLANG_WARN_RANGE_LOOP_ANALYSIS = YES;
				CLANG_WARN_STRICT_PROTOTYPES = YES;
				CLANG_WARN_SUSPICIOUS_MOVE = YES;
				CLANG_WARN_UNGUARDED_AVAILABILITY = YES_AGGRESSIVE;
				CLANG_WARN_UNREACHABLE_CODE = YES;
				CLANG_WARN__DUPLICATE_METHOD_MATCH = YES;
				COPY_PHASE_STRIP = NO;
				DEBUG_INFORMATION_FORMAT = "dwarf-with-dsym";
				ENABLE_NS_ASSERTIONS = NO;
				ENABLE_STRICT_OBJC_MSGSEND = YES;
				ENABLE_USER_SCRIPT_SANDBOXING = YES;
				GCC_C_LANGUAGE_STANDARD = gnu17;
				GCC_NO_COMMON_BLOCKS = YES;
				GCC_WARN_64_TO_32_BIT_CONVERSION = YES;
				GCC_WARN_ABOUT_RETURN_TYPE = YES_ERROR;
				GCC_WARN_UNDECLARED_SELECTOR = YES;
				GCC_WARN_UNINITIALIZED_AUTOS = YES_AGGRESSIVE;
				GCC_WARN_UNUSED_FUNCTION = YES;
				GCC_WARN_UNUSED_VARIABLE = YES;
				IPHONEOS_DEPLOYMENT_TARGET = 18.2;
				LOCALIZATION_PREFERS_STRING_CATALOGS = YES;
				MTL_ENABLE_DEBUG_INFO = NO;
				MTL_FAST_MATH = YES;
				SDKROOT = iphoneos;
				SWIFT_COMPILATION_MODE = wholemodule;
				VALIDATE_PRODUCT = YES;
			};
			name = Release;
		};
		D04DA7282DCF7C760031AA2F /* Debug */ = {
			isa = XCBuildConfiguration;
			baseConfigurationReference = D04DA72C2DCF7D5C0031AA2F /* Secrets.xcconfig */;
			buildSettings = {
				ASSETCATALOG_COMPILER_APPICON_NAME = AppIcon;
				ASSETCATALOG_COMPILER_GLOBAL_ACCENT_COLOR_NAME = AccentColor;
				CODE_SIGN_ENTITLEMENTS = EzyBook/EzyBook.entitlements;
				CODE_SIGN_STYLE = Automatic;
				CURRENT_PROJECT_VERSION = 1;
				DEVELOPMENT_ASSET_PATHS = "\"EzyBook/Preview Content\"";
				DEVELOPMENT_TEAM = 9ZR9M5J9M6;
				ENABLE_PREVIEWS = YES;
				GENERATE_INFOPLIST_FILE = YES;
				INFOPLIST_FILE = EzyBook/Application/Info.plist;
				INFOPLIST_KEY_CFBundleDisplayName = EzyBook;
				INFOPLIST_KEY_NSPhotoLibraryUsageDescription = "\"상품 사진을 선택하기 위해 사진 라이브러리 접근이 필요합니다.";
				INFOPLIST_KEY_UIApplicationSceneManifest_Generation = YES;
				INFOPLIST_KEY_UIApplicationSupportsIndirectInputEvents = YES;
				INFOPLIST_KEY_UILaunchScreen_Generation = YES;
				INFOPLIST_KEY_UISupportedInterfaceOrientations = UIInterfaceOrientationPortrait;
				INFOPLIST_KEY_UISupportedInterfaceOrientations_iPad = "UIInterfaceOrientationLandscapeLeft UIInterfaceOrientationLandscapeRight UIInterfaceOrientationPortrait UIInterfaceOrientationPortraitUpsideDown";
				INFOPLIST_KEY_UIUserInterfaceStyle = Light;
				IPHONEOS_DEPLOYMENT_TARGET = 16.0;
				LD_RUNPATH_SEARCH_PATHS = (
					"$(inherited)",
					"@executable_path/Frameworks",
				);
				MARKETING_VERSION = 1.0;
				PRODUCT_BUNDLE_IDENTIFIER = com.scp.EzyBook;
				PRODUCT_NAME = "$(TARGET_NAME)";
				SUPPORTED_PLATFORMS = "iphoneos iphonesimulator";
				SUPPORTS_MACCATALYST = NO;
				SUPPORTS_MAC_DESIGNED_FOR_IPHONE_IPAD = NO;
				SUPPORTS_XR_DESIGNED_FOR_IPHONE_IPAD = NO;
				SWIFT_EMIT_LOC_STRINGS = YES;
				SWIFT_VERSION = 5.0;
				TARGETED_DEVICE_FAMILY = 1;
			};
			name = Debug;
		};
		D04DA7292DCF7C760031AA2F /* Release */ = {
			isa = XCBuildConfiguration;
			baseConfigurationReference = D04DA72C2DCF7D5C0031AA2F /* Secrets.xcconfig */;
			buildSettings = {
				ASSETCATALOG_COMPILER_APPICON_NAME = AppIcon;
				ASSETCATALOG_COMPILER_GLOBAL_ACCENT_COLOR_NAME = AccentColor;
				CODE_SIGN_ENTITLEMENTS = EzyBook/EzyBook.entitlements;
				CODE_SIGN_STYLE = Automatic;
				CURRENT_PROJECT_VERSION = 1;
				DEVELOPMENT_ASSET_PATHS = "\"EzyBook/Preview Content\"";
				DEVELOPMENT_TEAM = 9ZR9M5J9M6;
				ENABLE_PREVIEWS = YES;
				GENERATE_INFOPLIST_FILE = YES;
				INFOPLIST_FILE = EzyBook/Application/Info.plist;
				INFOPLIST_KEY_CFBundleDisplayName = EzyBook;
				INFOPLIST_KEY_NSPhotoLibraryUsageDescription = "\"상품 사진을 선택하기 위해 사진 라이브러리 접근이 필요합니다.";
				INFOPLIST_KEY_UIApplicationSceneManifest_Generation = YES;
				INFOPLIST_KEY_UIApplicationSupportsIndirectInputEvents = YES;
				INFOPLIST_KEY_UILaunchScreen_Generation = YES;
				INFOPLIST_KEY_UISupportedInterfaceOrientations = UIInterfaceOrientationPortrait;
				INFOPLIST_KEY_UISupportedInterfaceOrientations_iPad = "UIInterfaceOrientationLandscapeLeft UIInterfaceOrientationLandscapeRight UIInterfaceOrientationPortrait UIInterfaceOrientationPortraitUpsideDown";
				INFOPLIST_KEY_UIUserInterfaceStyle = Light;
				IPHONEOS_DEPLOYMENT_TARGET = 16.0;
				LD_RUNPATH_SEARCH_PATHS = (
					"$(inherited)",
					"@executable_path/Frameworks",
				);
				MARKETING_VERSION = 1.0;
				PRODUCT_BUNDLE_IDENTIFIER = com.scp.EzyBook;
				PRODUCT_NAME = "$(TARGET_NAME)";
				SUPPORTED_PLATFORMS = "iphoneos iphonesimulator";
				SUPPORTS_MACCATALYST = NO;
				SUPPORTS_MAC_DESIGNED_FOR_IPHONE_IPAD = NO;
				SUPPORTS_XR_DESIGNED_FOR_IPHONE_IPAD = NO;
				SWIFT_EMIT_LOC_STRINGS = YES;
				SWIFT_VERSION = 5.0;
				TARGETED_DEVICE_FAMILY = 1;
			};
			name = Release;
		};
/* End XCBuildConfiguration section */

/* Begin XCConfigurationList section */
		D04DA7142DCF7C750031AA2F /* Build configuration list for PBXProject "EzyBook" */ = {
			isa = XCConfigurationList;
			buildConfigurations = (
				D04DA7252DCF7C760031AA2F /* Debug */,
				D04DA7262DCF7C760031AA2F /* Release */,
			);
			defaultConfigurationIsVisible = 0;
			defaultConfigurationName = Release;
		};
		D04DA7272DCF7C760031AA2F /* Build configuration list for PBXNativeTarget "EzyBook" */ = {
			isa = XCConfigurationList;
			buildConfigurations = (
				D04DA7282DCF7C760031AA2F /* Debug */,
				D04DA7292DCF7C760031AA2F /* Release */,
			);
			defaultConfigurationIsVisible = 0;
			defaultConfigurationName = Release;
		};
/* End XCConfigurationList section */

/* Begin XCRemoteSwiftPackageReference section */
		D0369E902E0BC20E0023FD4F /* XCRemoteSwiftPackageReference "realm-swift" */ = {
			isa = XCRemoteSwiftPackageReference;
			repositoryURL = "https://github.com/realm/realm-swift.git";
			requirement = {
				kind = exactVersion;
				version = 20.0.1;
			};
		};
		D047295E2DF88B8D00B13012 /* XCRemoteSwiftPackageReference "firebase-ios-sdk" */ = {
			isa = XCRemoteSwiftPackageReference;
			repositoryURL = "https://github.com/firebase/firebase-ios-sdk.git";
			requirement = {
				kind = upToNextMajorVersion;
				minimumVersion = 11.14.0;
			};
		};
		D0472C752DF9582800B13012 /* XCRemoteSwiftPackageReference "iamport-ios" */ = {
			isa = XCRemoteSwiftPackageReference;
			repositoryURL = "https://github.com/iamport/iamport-ios.git";
			requirement = {
				kind = upToNextMajorVersion;
				minimumVersion = 1.4.7;
			};
		};
		D050A5BF2DD104AA00E79E59 /* XCRemoteSwiftPackageReference "kakao-ios-sdk" */ = {
			isa = XCRemoteSwiftPackageReference;
			repositoryURL = "https://github.com/kakao/kakao-ios-sdk.git";
			requirement = {
				kind = upToNextMajorVersion;
				minimumVersion = 2.24.1;
			};
		};
		D0964DC72E1277C900F51AC0 /* XCRemoteSwiftPackageReference "socket.io-client-swift" */ = {
			isa = XCRemoteSwiftPackageReference;
			repositoryURL = "https://github.com/socketio/socket.io-client-swift.git";
			requirement = {
				kind = exactVersion;
				version = 16.1.1;
			};
		};
		D0EAEE7B2DE0575C0008FABD /* XCRemoteSwiftPackageReference "lottie-ios" */ = {
			isa = XCRemoteSwiftPackageReference;
			repositoryURL = "https://github.com/airbnb/lottie-ios.git";
			requirement = {
				kind = upToNextMajorVersion;
				minimumVersion = 4.5.1;
			};
		};
/* End XCRemoteSwiftPackageReference section */

/* Begin XCSwiftPackageProductDependency section */
		D0369E912E0BC20E0023FD4F /* RealmSwift */ = {
			isa = XCSwiftPackageProductDependency;
			package = D0369E902E0BC20E0023FD4F /* XCRemoteSwiftPackageReference "realm-swift" */;
			productName = RealmSwift;
		};
		D047295F2DF88B8D00B13012 /* FirebaseAnalyticsWithoutAdIdSupport */ = {
			isa = XCSwiftPackageProductDependency;
			package = D047295E2DF88B8D00B13012 /* XCRemoteSwiftPackageReference "firebase-ios-sdk" */;
			productName = FirebaseAnalyticsWithoutAdIdSupport;
		};
		D04729612DF88B8D00B13012 /* FirebaseCrashlytics */ = {
			isa = XCSwiftPackageProductDependency;
			package = D047295E2DF88B8D00B13012 /* XCRemoteSwiftPackageReference "firebase-ios-sdk" */;
			productName = FirebaseCrashlytics;
		};
		D04729632DF88B8D00B13012 /* FirebaseMessaging */ = {
			isa = XCSwiftPackageProductDependency;
			package = D047295E2DF88B8D00B13012 /* XCRemoteSwiftPackageReference "firebase-ios-sdk" */;
			productName = FirebaseMessaging;
		};
		D0472C762DF9582800B13012 /* iamport-ios */ = {
			isa = XCSwiftPackageProductDependency;
			package = D0472C752DF9582800B13012 /* XCRemoteSwiftPackageReference "iamport-ios" */;
			productName = "iamport-ios";
		};
		D050A5C02DD104AA00E79E59 /* KakaoSDKAuth */ = {
			isa = XCSwiftPackageProductDependency;
			package = D050A5BF2DD104AA00E79E59 /* XCRemoteSwiftPackageReference "kakao-ios-sdk" */;
			productName = KakaoSDKAuth;
		};
		D050A5C22DD104AA00E79E59 /* KakaoSDKCommon */ = {
			isa = XCSwiftPackageProductDependency;
			package = D050A5BF2DD104AA00E79E59 /* XCRemoteSwiftPackageReference "kakao-ios-sdk" */;
			productName = KakaoSDKCommon;
		};
		D050A5C42DD104AA00E79E59 /* KakaoSDKUser */ = {
			isa = XCSwiftPackageProductDependency;
			package = D050A5BF2DD104AA00E79E59 /* XCRemoteSwiftPackageReference "kakao-ios-sdk" */;
			productName = KakaoSDKUser;
		};
		D0964DC82E1277C900F51AC0 /* SocketIO */ = {
			isa = XCSwiftPackageProductDependency;
			package = D0964DC72E1277C900F51AC0 /* XCRemoteSwiftPackageReference "socket.io-client-swift" */;
			productName = SocketIO;
		};
		D0EAEE7C2DE0575C0008FABD /* Lottie */ = {
			isa = XCSwiftPackageProductDependency;
			package = D0EAEE7B2DE0575C0008FABD /* XCRemoteSwiftPackageReference "lottie-ios" */;
			productName = Lottie;
		};
/* End XCSwiftPackageProductDependency section */
	};
	rootObject = D04DA7112DCF7C750031AA2F /* Project object */;
}
